
Microsoft Visual Studio Solution File, Format Version 12.00
# Visual Studio 2012
Project("{F184B08F-C81C-45F6-A57F-5ABD9991F28F}") = "MIKROTIK HOTSPOT", "MIKROTIK HOTSPOT\MIKROTIK HOTSPOT.vbproj", "{EC7A88E4-D5BB-4318-BE5E-8B6484A26AF9}"
EndProject
Global
	GlobalSection(SolutionConfigurationPlatforms) = preSolution
		Debug|Any CPU = Debug|Any CPU
		Release|Any CPU = Release|Any CPU
	EndGlobalSection
	GlobalSection(ProjectConfigurationPlatforms) = postSolution
		{EC7A88E4-D5BB-4318-BE5E-8B6484A26AF9}.Debug|Any CPU.ActiveCfg = Release|Any CPU
		{EC7A88E4-D5BB-4318-BE5E-8B6484A26AF9}.Debug|Any CPU.Build.0 = Release|Any CPU
		{EC7A88E4-D5BB-4318-BE5E-8B6484A26AF9}.Release|Any CPU.ActiveCfg = Release|Any CPU
		{EC7A88E4-D5BB-4318-BE5E-8B6484A26AF9}.Release|Any CPU.Build.0 = Release|Any CPU
	EndGlobalSection
	GlobalSection(SolutionProperties) = preSolution
		HideSolutionNode = FALSE
	EndGlobalSection
EndGlobal
